
Microsoft Visual Studio Solution File, Format Version 12.00
# Visual Studio 15
VisualStudioVersion = 15.0.28010.2016
MinimumVisualStudioVersion = 10.0.40219.1
Project("{8BC9CEB8-8B4A-11D0-8D11-00A0C91BC942}") = "weakptr", "weakptr\weakptr.vcxproj", "{509A36B1-FDAE-4121-923F-9948E1FDCE50}"
EndProject
Project("{8BC9CEB8-8B4A-11D0-8D11-00A0C91BC942}") = "weak-this", "weak-this\weak-this.vcxproj", "{FCDE9933-220E-4F30-85C1-71AA7F7F989D}"
EndProject
Project("{8BC9CEB8-8B4A-11D0-8D11-00A0C91BC942}") = "sp_aliasing_constructor", "sp_aliasing_constructor\sp_aliasing_constructor.vcxproj", "{F1E62F7D-4F9E-4895-8C9E-0EE7DCC2304C}"
EndProject
Project("{8BC9CEB8-8B4A-11D0-8D11-00A0C91BC942}") = "strong-this", "strong-this\strong-this.vcxproj", "{55D6EDFF-4B8F-4891-B0CC-EB39776764C2}"
EndProject
Project("{8BC9CEB8-8B4A-11D0-8D11-00A0C91BC942}") = "make_shared_with_private_ctor", "make_shared_with_private_ctor\make_shared_with_private_ctor.vcxproj", "{D1A45B61-47C2-4B3A-9AD3-6231578ED932}"
EndProject
Project("{8BC9CEB8-8B4A-11D0-8D11-00A0C91BC942}") = "copy-on-write", "copy-on-write\copy-on-write.vcxproj", "{D1DC75FF-6E84-4960-8B94-1F205104C4A6}"
EndProject
Project("{8BC9CEB8-8B4A-11D0-8D11-00A0C91BC942}") = "intrusive_ptr", "intrusive_ptr\intrusive_ptr.vcxproj", "{AE687EC5-447D-4DDE-9733-5D9C70A2394B}"
EndProject
Project("{8BC9CEB8-8B4A-11D0-8D11-00A0C91BC942}") = "weak_ref_in_container", "weak_ref_in_container\weak_ref_in_container.vcxproj", "{C5EAC8AC-E9E4-4971-AB55-D3352705FC81}"
EndProject
Global
	GlobalSection(SolutionConfigurationPlatforms) = preSolution
		Debug|x64 = Debug|x64
		Debug|x86 = Debug|x86
		Release|x64 = Release|x64
		Release|x86 = Release|x86
	EndGlobalSection
	GlobalSection(ProjectConfigurationPlatforms) = postSolution
		{509A36B1-FDAE-4121-923F-9948E1FDCE50}.Debug|x64.ActiveCfg = Debug|x64
		{509A36B1-FDAE-4121-923F-9948E1FDCE50}.Debug|x64.Build.0 = Debug|x64
		{509A36B1-FDAE-4121-923F-9948E1FDCE50}.Debug|x86.ActiveCfg = Debug|Win32
		{509A36B1-FDAE-4121-923F-9948E1FDCE50}.Debug|x86.Build.0 = Debug|Win32
		{509A36B1-FDAE-4121-923F-9948E1FDCE50}.Release|x64.ActiveCfg = Release|x64
		{509A36B1-FDAE-4121-923F-9948E1FDCE50}.Release|x64.Build.0 = Release|x64
		{509A36B1-FDAE-4121-923F-9948E1FDCE50}.Release|x86.ActiveCfg = Release|Win32
		{509A36B1-FDAE-4121-923F-9948E1FDCE50}.Release|x86.Build.0 = Release|Win32
		{FCDE9933-220E-4F30-85C1-71AA7F7F989D}.Debug|x64.ActiveCfg = Debug|x64
		{FCDE9933-220E-4F30-85C1-71AA7F7F989D}.Debug|x64.Build.0 = Debug|x64
		{FCDE9933-220E-4F30-85C1-71AA7F7F989D}.Debug|x86.ActiveCfg = Debug|Win32
		{FCDE9933-220E-4F30-85C1-71AA7F7F989D}.Debug|x86.Build.0 = Debug|Win32
		{FCDE9933-220E-4F30-85C1-71AA7F7F989D}.Release|x64.ActiveCfg = Release|x64
		{FCDE9933-220E-4F30-85C1-71AA7F7F989D}.Release|x64.Build.0 = Release|x64
		{FCDE9933-220E-4F30-85C1-71AA7F7F989D}.Release|x86.ActiveCfg = Release|Win32
		{FCDE9933-220E-4F30-85C1-71AA7F7F989D}.Release|x86.Build.0 = Release|Win32
		{F1E62F7D-4F9E-4895-8C9E-0EE7DCC2304C}.Debug|x64.ActiveCfg = Debug|x64
		{F1E62F7D-4F9E-4895-8C9E-0EE7DCC2304C}.Debug|x64.Build.0 = Debug|x64
		{F1E62F7D-4F9E-4895-8C9E-0EE7DCC2304C}.Debug|x86.ActiveCfg = Debug|Win32
		{F1E62F7D-4F9E-4895-8C9E-0EE7DCC2304C}.Debug|x86.Build.0 = Debug|Win32
		{F1E62F7D-4F9E-4895-8C9E-0EE7DCC2304C}.Release|x64.ActiveCfg = Release|x64
		{F1E62F7D-4F9E-4895-8C9E-0EE7DCC2304C}.Release|x64.Build.0 = Release|x64
		{F1E62F7D-4F9E-4895-8C9E-0EE7DCC2304C}.Release|x86.ActiveCfg = Release|Win32
		{F1E62F7D-4F9E-4895-8C9E-0EE7DCC2304C}.Release|x86.Build.0 = Release|Win32
		{55D6EDFF-4B8F-4891-B0CC-EB39776764C2}.Debug|x64.ActiveCfg = Debug|x64
		{55D6EDFF-4B8F-4891-B0CC-EB39776764C2}.Debug|x64.Build.0 = Debug|x64
		{55D6EDFF-4B8F-4891-B0CC-EB39776764C2}.Debug|x86.ActiveCfg = Debug|Win32
		{55D6EDFF-4B8F-4891-B0CC-EB39776764C2}.Debug|x86.Build.0 = Debug|Win32
		{55D6EDFF-4B8F-4891-B0CC-EB39776764C2}.Release|x64.ActiveCfg = Release|x64
		{55D6EDFF-4B8F-4891-B0CC-EB39776764C2}.Release|x64.Build.0 = Release|x64
		{55D6EDFF-4B8F-4891-B0CC-EB39776764C2}.Release|x86.ActiveCfg = Release|Win32
		{55D6EDFF-4B8F-4891-B0CC-EB39776764C2}.Release|x86.Build.0 = Release|Win32
		{D1A45B61-47C2-4B3A-9AD3-6231578ED932}.Debug|x64.ActiveCfg = Debug|x64
		{D1A45B61-47C2-4B3A-9AD3-6231578ED932}.Debug|x64.Build.0 = Debug|x64
		{D1A45B61-47C2-4B3A-9AD3-6231578ED932}.Debug|x86.ActiveCfg = Debug|Win32
		{D1A45B61-47C2-4B3A-9AD3-6231578ED932}.Debug|x86.Build.0 = Debug|Win32
		{D1A45B61-47C2-4B3A-9AD3-6231578ED932}.Release|x64.ActiveCfg = Release|x64
		{D1A45B61-47C2-4B3A-9AD3-6231578ED932}.Release|x64.Build.0 = Release|x64
		{D1A45B61-47C2-4B3A-9AD3-6231578ED932}.Release|x86.ActiveCfg = Release|Win32
		{D1A45B61-47C2-4B3A-9AD3-6231578ED932}.Release|x86.Build.0 = Release|Win32
		{D1DC75FF-6E84-4960-8B94-1F205104C4A6}.Debug|x64.ActiveCfg = Debug|x64
		{D1DC75FF-6E84-4960-8B94-1F205104C4A6}.Debug|x64.Build.0 = Debug|x64
		{D1DC75FF-6E84-4960-8B94-1F205104C4A6}.Debug|x86.ActiveCfg = Debug|Win32
		{D1DC75FF-6E84-4960-8B94-1F205104C4A6}.Debug|x86.Build.0 = Debug|Win32
		{D1DC75FF-6E84-4960-8B94-1F205104C4A6}.Release|x64.ActiveCfg = Release|x64
		{D1DC75FF-6E84-4960-8B94-1F205104C4A6}.Release|x64.Build.0 = Release|x64
		{D1DC75FF-6E84-4960-8B94-1F205104C4A6}.Release|x86.ActiveCfg = Release|Win32
		{D1DC75FF-6E84-4960-8B94-1F205104C4A6}.Release|x86.Build.0 = Release|Win32
		{AE687EC5-447D-4DDE-9733-5D9C70A2394B}.Debug|x64.ActiveCfg = Debug|x64
		{AE687EC5-447D-4DDE-9733-5D9C70A2394B}.Debug|x64.Build.0 = Debug|x64
		{AE687EC5-447D-4DDE-9733-5D9C70A2394B}.Debug|x86.ActiveCfg = Debug|Win32
		{AE687EC5-447D-4DDE-9733-5D9C70A2394B}.Debug|x86.Build.0 = Debug|Win32
		{AE687EC5-447D-4DDE-9733-5D9C70A2394B}.Release|x64.ActiveCfg = Release|x64
		{AE687EC5-447D-4DDE-9733-5D9C70A2394B}.Release|x64.Build.0 = Release|x64
		{AE687EC5-447D-4DDE-9733-5D9C70A2394B}.Release|x86.ActiveCfg = Release|Win32
		{AE687EC5-447D-4DDE-9733-5D9C70A2394B}.Release|x86.Build.0 = Release|Win32
		{C5EAC8AC-E9E4-4971-AB55-D3352705FC81}.Debug|x64.ActiveCfg = Debug|x64
		{C5EAC8AC-E9E4-4971-AB55-D3352705FC81}.Debug|x64.Build.0 = Debug|x64
		{C5EAC8AC-E9E4-4971-AB55-D3352705FC81}.Debug|x86.ActiveCfg = Debug|Win32
		{C5EAC8AC-E9E4-4971-AB55-D3352705FC81}.Debug|x86.Build.0 = Debug|Win32
		{C5EAC8AC-E9E4-4971-AB55-D3352705FC81}.Release|x64.ActiveCfg = Release|x64
		{C5EAC8AC-E9E4-4971-AB55-D3352705FC81}.Release|x64.Build.0 = Release|x64
		{C5EAC8AC-E9E4-4971-AB55-D3352705FC81}.Release|x86.ActiveCfg = Release|Win32
		{C5EAC8AC-E9E4-4971-AB55-D3352705FC81}.Release|x86.Build.0 = Release|Win32
	EndGlobalSection
	GlobalSection(SolutionProperties) = preSolution
		HideSolutionNode = FALSE
	EndGlobalSection
	GlobalSection(ExtensibilityGlobals) = postSolution
		SolutionGuid = {B867115E-7753-4753-8733-6A2CD6F8FBD6}
	EndGlobalSection
EndGlobal
